// !$*UTF8*$!
{
	archiveVersion = 1;
	classes = {
	};
	objectVersion = 55;
	objects = {

/* Begin PBXBuildFile section */
		8321841F289C8FEE00DAC61A /* RMCharacterDatamanager.swift in Sources */ = {isa = PBXBuildFile; fileRef = 8321841E289C8FEE00DAC61A /* RMCharacterDatamanager.swift */; };
		83218421289C904800DAC61A /* RMDefaultCharacterDataManager.swift in Sources */ = {isa = PBXBuildFile; fileRef = 83218420289C904800DAC61A /* RMDefaultCharacterDataManager.swift */; };
		83218423289C914800DAC61A /* RMCharacter.swift in Sources */ = {isa = PBXBuildFile; fileRef = 83218422289C914800DAC61A /* RMCharacter.swift */; };
		83218425289C940900DAC61A /* RMResponses.swift in Sources */ = {isa = PBXBuildFile; fileRef = 83218424289C940900DAC61A /* RMResponses.swift */; };
		83218429289C971100DAC61A /* RMDefaultCharacterDataManagerTests.swift in Sources */ = {isa = PBXBuildFile; fileRef = 83218428289C971100DAC61A /* RMDefaultCharacterDataManagerTests.swift */; };
		832D63A428825231005FD375 /* RMLocationRoute.swift in Sources */ = {isa = PBXBuildFile; fileRef = 832D63A328825231005FD375 /* RMLocationRoute.swift */; };
		832D63A728829390005FD375 /* RMLocationRouteTests.swift in Sources */ = {isa = PBXBuildFile; fileRef = 832D63A628829390005FD375 /* RMLocationRouteTests.swift */; };
		8333EAC5287FAAB900563F18 /* NetworkProviderTests.swift in Sources */ = {isa = PBXBuildFile; fileRef = 8333EAC4287FAAB900563F18 /* NetworkProviderTests.swift */; };
		833F49BB286BDB26002D410A /* AppDelegate.swift in Sources */ = {isa = PBXBuildFile; fileRef = 833F49BA286BDB26002D410A /* AppDelegate.swift */; };
		833F49BD286BDB26002D410A /* SceneDelegate.swift in Sources */ = {isa = PBXBuildFile; fileRef = 833F49BC286BDB26002D410A /* SceneDelegate.swift */; };
		833F49BF286BDB26002D410A /* CharactersViewController.swift in Sources */ = {isa = PBXBuildFile; fileRef = 833F49BE286BDB26002D410A /* CharactersViewController.swift */; };
		833F49C4286BDB27002D410A /* Assets.xcassets in Resources */ = {isa = PBXBuildFile; fileRef = 833F49C3286BDB27002D410A /* Assets.xcassets */; };
		833F49C7286BDB27002D410A /* LaunchScreen.storyboard in Resources */ = {isa = PBXBuildFile; fileRef = 833F49C5286BDB27002D410A /* LaunchScreen.storyboard */; };
		833F49D0286BDB71002D410A /* RMNetworkProvider.swift in Sources */ = {isa = PBXBuildFile; fileRef = 833F49CF286BDB71002D410A /* RMNetworkProvider.swift */; };
		833F49D2286BDDEA002D410A /* RMCharacterRoute.swift in Sources */ = {isa = PBXBuildFile; fileRef = 833F49D1286BDDEA002D410A /* RMCharacterRoute.swift */; };
		835DFD78288C9BAF003BBFFF /* RMError.swift in Sources */ = {isa = PBXBuildFile; fileRef = 835DFD77288C9BAF003BBFFF /* RMError.swift */; };
		8398536C286FC8D400692D79 /* RMCharacterRouteTests.swift in Sources */ = {isa = PBXBuildFile; fileRef = 8398536B286FC8D400692D79 /* RMCharacterRouteTests.swift */; };
		83BC6A432A2A90AA00DC05A8 /* RMDefaultDataManagerLocation.swift in Sources */ = {isa = PBXBuildFile; fileRef = 83BC6A422A2A90AA00DC05A8 /* RMDefaultDataManagerLocation.swift */; };
		83C353E12A4E6B4600876AA7 /* DefaultRouter.swift in Sources */ = {isa = PBXBuildFile; fileRef = 83C353E02A4E6B4600876AA7 /* DefaultRouter.swift */; };
		83CA997E2A2A726700773E6C /* RMLocationDataManagerProtocol.swift in Sources */ = {isa = PBXBuildFile; fileRef = 83CA997D2A2A726700773E6C /* RMLocationDataManagerProtocol.swift */; };
		83CADF442A31B29700828DC5 /* DetailCharacterViewController.swift in Sources */ = {isa = PBXBuildFile; fileRef = 83CADF422A31B29700828DC5 /* DetailCharacterViewController.swift */; };
		83CCB7D82A037C9600105B04 /* RMDefaultLocationDataManagerTest.swift in Sources */ = {isa = PBXBuildFile; fileRef = 83CCB7D72A037C9600105B04 /* RMDefaultLocationDataManagerTest.swift */; };
		83D1A4A52A2EE05F00888038 /* LocationsViewController.swift in Sources */ = {isa = PBXBuildFile; fileRef = 83D1A4A42A2EE05F00888038 /* LocationsViewController.swift */; };
		83D1A4A72A2EE07F00888038 /* LocationsViewModel.swift in Sources */ = {isa = PBXBuildFile; fileRef = 83D1A4A62A2EE07F00888038 /* LocationsViewModel.swift */; };
		83D1A4AC2A2EE23E00888038 /* LocationCell.swift in Sources */ = {isa = PBXBuildFile; fileRef = 83D1A4AA2A2EE23E00888038 /* LocationCell.swift */; };
		83D1A4AD2A2EE23E00888038 /* LocationCell.xib in Resources */ = {isa = PBXBuildFile; fileRef = 83D1A4AB2A2EE23E00888038 /* LocationCell.xib */; };
		83D1A4AF2A2EEBC900888038 /* LocationCellViewModel.swift in Sources */ = {isa = PBXBuildFile; fileRef = 83D1A4AE2A2EEBC900888038 /* LocationCellViewModel.swift */; };
		83D450252A4B895800587681 /* RMEpisodeDataManger.swift in Sources */ = {isa = PBXBuildFile; fileRef = 83D450242A4B895800587681 /* RMEpisodeDataManger.swift */; };
		83D450272A4B89DE00587681 /* RMEpisodeDatamangerProtocol.swift in Sources */ = {isa = PBXBuildFile; fileRef = 83D450262A4B89DE00587681 /* RMEpisodeDatamangerProtocol.swift */; };
		83D450292A4B8D9300587681 /* EpisodesViewController.swift in Sources */ = {isa = PBXBuildFile; fileRef = 83D450282A4B8D9300587681 /* EpisodesViewController.swift */; };
		83D4502B2A4B8DBA00587681 /* EpisodesViewModel.swift in Sources */ = {isa = PBXBuildFile; fileRef = 83D4502A2A4B8DBA00587681 /* EpisodesViewModel.swift */; };
		83D4502D2A4B8DC800587681 /* EpisodesViewController.xib in Resources */ = {isa = PBXBuildFile; fileRef = 83D4502C2A4B8DC800587681 /* EpisodesViewController.xib */; };
		83D450312A4B8FBC00587681 /* EpisodeCell.swift in Sources */ = {isa = PBXBuildFile; fileRef = 83D4502F2A4B8FBC00587681 /* EpisodeCell.swift */; };
		83D450322A4B8FBC00587681 /* EpisodeCell.xib in Resources */ = {isa = PBXBuildFile; fileRef = 83D450302A4B8FBC00587681 /* EpisodeCell.xib */; };
		83D450342A4B93EE00587681 /* EpisodeCellViewModel.swift in Sources */ = {isa = PBXBuildFile; fileRef = 83D450332A4B93EE00587681 /* EpisodeCellViewModel.swift */; };
		83D450372A4BC71600587681 /* EpisodeTestDataManger.swift in Sources */ = {isa = PBXBuildFile; fileRef = 83D450362A4BC71600587681 /* EpisodeTestDataManger.swift */; };
		83D4C9692A4683E900B5C2D5 /* RMDatamanager.swift in Sources */ = {isa = PBXBuildFile; fileRef = 83D4C9682A4683E900B5C2D5 /* RMDatamanager.swift */; };
		83DA2C31288893F40073F97E /* RMEpisodeRoute.swift in Sources */ = {isa = PBXBuildFile; fileRef = 83DA2C30288893F40073F97E /* RMEpisodeRoute.swift */; };
		83DA2C332888E0870073F97E /* RMEpisodeRouteTests.swift in Sources */ = {isa = PBXBuildFile; fileRef = 83DA2C322888E0870073F97E /* RMEpisodeRouteTests.swift */; };
		83DAC8842995A59500C4F924 /* RMTableViewCellProtocol.swift in Sources */ = {isa = PBXBuildFile; fileRef = 83DAC8832995A59500C4F924 /* RMTableViewCellProtocol.swift */; };
		83DB46C82A3EB938009A6FA3 /* TabBarController.swift in Sources */ = {isa = PBXBuildFile; fileRef = 83DB46C72A3EB938009A6FA3 /* TabBarController.swift */; };
		83DB46CB2A3EE77B009A6FA3 /* RouteProtocols.swift in Sources */ = {isa = PBXBuildFile; fileRef = 83DB46CA2A3EE77B009A6FA3 /* RouteProtocols.swift */; };
		83DB46CD2A3EEF32009A6FA3 /* CharactersViewController.xib in Resources */ = {isa = PBXBuildFile; fileRef = 83DB46CC2A3EEF32009A6FA3 /* CharactersViewController.xib */; };
		83DB46CF2A3EEF8A009A6FA3 /* DetailCharacterViewController.xib in Resources */ = {isa = PBXBuildFile; fileRef = 83DB46CE2A3EEF8A009A6FA3 /* DetailCharacterViewController.xib */; };
		83DB46D12A3EEFC9009A6FA3 /* LocationsViewController.xib in Resources */ = {isa = PBXBuildFile; fileRef = 83DB46D02A3EEFC9009A6FA3 /* LocationsViewController.xib */; };
		83DBBC8229F08192009ECD90 /* CharacterViewCellViewModel.swift in Sources */ = {isa = PBXBuildFile; fileRef = 83DBBC8129F08192009ECD90 /* CharacterViewCellViewModel.swift */; };
		83DBBC8529F08AA2009ECD90 /* CharacterCell.swift in Sources */ = {isa = PBXBuildFile; fileRef = 83DBBC8329F08AA2009ECD90 /* CharacterCell.swift */; };
		83DBBC8629F08AA2009ECD90 /* CharacterCell.xib in Resources */ = {isa = PBXBuildFile; fileRef = 83DBBC8429F08AA2009ECD90 /* CharacterCell.xib */; };
		83DEBAF42A3A55EC00D06127 /* RickAndMortyStorage.xcdatamodeld in Sources */ = {isa = PBXBuildFile; fileRef = 83DEBAF22A3A55EC00D06127 /* RickAndMortyStorage.xcdatamodeld */; };
		83DEBB072A3A9DEF00D06127 /* Character+CoreDataClass.swift in Sources */ = {isa = PBXBuildFile; fileRef = 83DEBB052A3A9DEF00D06127 /* Character+CoreDataClass.swift */; };
		83DEBB082A3A9DEF00D06127 /* Character+CoreDataProperties.swift in Sources */ = {isa = PBXBuildFile; fileRef = 83DEBB062A3A9DEF00D06127 /* Character+CoreDataProperties.swift */; };
		83E0910C2A397E5300B7A06A /* NothingFoundCell.xib in Resources */ = {isa = PBXBuildFile; fileRef = 83E0910B2A397E5300B7A06A /* NothingFoundCell.xib */; };
		83E0A73C298F092100099395 /* CharactersViewModel.swift in Sources */ = {isa = PBXBuildFile; fileRef = 83E0A73B298F092100099395 /* CharactersViewModel.swift */; };
		83F13AA028EF79AA007B549B /* RMLocation.swift in Sources */ = {isa = PBXBuildFile; fileRef = 83F13A9F28EF79AA007B549B /* RMLocation.swift */; };
		83F13AA228EF79EF007B549B /* RMEpisode.swift in Sources */ = {isa = PBXBuildFile; fileRef = 83F13AA128EF79EF007B549B /* RMEpisode.swift */; };
/* End PBXBuildFile section */

/* Begin PBXContainerItemProxy section */
		8398536D286FC8D400692D79 /* PBXContainerItemProxy */ = {
			isa = PBXContainerItemProxy;
			containerPortal = 833F49AF286BDB26002D410A /* Project object */;
			proxyType = 1;
			remoteGlobalIDString = 833F49B6286BDB26002D410A;
			remoteInfo = ApiRickAndMortyNetworking;
		};
/* End PBXContainerItemProxy section */

/* Begin PBXFileReference section */
		8321841E289C8FEE00DAC61A /* RMCharacterDatamanager.swift */ = {isa = PBXFileReference; lastKnownFileType = sourcecode.swift; path = RMCharacterDatamanager.swift; sourceTree = "<group>"; };
		83218420289C904800DAC61A /* RMDefaultCharacterDataManager.swift */ = {isa = PBXFileReference; lastKnownFileType = sourcecode.swift; path = RMDefaultCharacterDataManager.swift; sourceTree = "<group>"; };
		83218422289C914800DAC61A /* RMCharacter.swift */ = {isa = PBXFileReference; lastKnownFileType = sourcecode.swift; path = RMCharacter.swift; sourceTree = "<group>"; };
		83218424289C940900DAC61A /* RMResponses.swift */ = {isa = PBXFileReference; lastKnownFileType = sourcecode.swift; path = RMResponses.swift; sourceTree = "<group>"; };
		83218428289C971100DAC61A /* RMDefaultCharacterDataManagerTests.swift */ = {isa = PBXFileReference; lastKnownFileType = sourcecode.swift; path = RMDefaultCharacterDataManagerTests.swift; sourceTree = "<group>"; };
		832D63A328825231005FD375 /* RMLocationRoute.swift */ = {isa = PBXFileReference; lastKnownFileType = sourcecode.swift; path = RMLocationRoute.swift; sourceTree = "<group>"; };
		832D63A628829390005FD375 /* RMLocationRouteTests.swift */ = {isa = PBXFileReference; lastKnownFileType = sourcecode.swift; path = RMLocationRouteTests.swift; sourceTree = "<group>"; };
		8333EAC4287FAAB900563F18 /* NetworkProviderTests.swift */ = {isa = PBXFileReference; lastKnownFileType = sourcecode.swift; path = NetworkProviderTests.swift; sourceTree = "<group>"; };
		833F49B7286BDB26002D410A /* ApiRickAndMortyNetworking.app */ = {isa = PBXFileReference; explicitFileType = wrapper.application; includeInIndex = 0; path = ApiRickAndMortyNetworking.app; sourceTree = BUILT_PRODUCTS_DIR; };
		833F49BA286BDB26002D410A /* AppDelegate.swift */ = {isa = PBXFileReference; lastKnownFileType = sourcecode.swift; path = AppDelegate.swift; sourceTree = "<group>"; };
		833F49BC286BDB26002D410A /* SceneDelegate.swift */ = {isa = PBXFileReference; lastKnownFileType = sourcecode.swift; path = SceneDelegate.swift; sourceTree = "<group>"; };
		833F49BE286BDB26002D410A /* CharactersViewController.swift */ = {isa = PBXFileReference; lastKnownFileType = sourcecode.swift; path = CharactersViewController.swift; sourceTree = "<group>"; };
		833F49C3286BDB27002D410A /* Assets.xcassets */ = {isa = PBXFileReference; lastKnownFileType = folder.assetcatalog; path = Assets.xcassets; sourceTree = "<group>"; };
		833F49C6286BDB27002D410A /* Base */ = {isa = PBXFileReference; lastKnownFileType = file.storyboard; name = Base; path = Base.lproj/LaunchScreen.storyboard; sourceTree = "<group>"; };
		833F49C8286BDB27002D410A /* Info.plist */ = {isa = PBXFileReference; lastKnownFileType = text.plist.xml; path = Info.plist; sourceTree = "<group>"; };
		833F49CF286BDB71002D410A /* RMNetworkProvider.swift */ = {isa = PBXFileReference; lastKnownFileType = sourcecode.swift; path = RMNetworkProvider.swift; sourceTree = "<group>"; };
		833F49D1286BDDEA002D410A /* RMCharacterRoute.swift */ = {isa = PBXFileReference; lastKnownFileType = sourcecode.swift; path = RMCharacterRoute.swift; sourceTree = "<group>"; };
		835DFD77288C9BAF003BBFFF /* RMError.swift */ = {isa = PBXFileReference; lastKnownFileType = sourcecode.swift; path = RMError.swift; sourceTree = "<group>"; };
		83985369286FC8D400692D79 /* ApiRickAndMortyNetworkingTests.xctest */ = {isa = PBXFileReference; explicitFileType = wrapper.cfbundle; includeInIndex = 0; path = ApiRickAndMortyNetworkingTests.xctest; sourceTree = BUILT_PRODUCTS_DIR; };
		8398536B286FC8D400692D79 /* RMCharacterRouteTests.swift */ = {isa = PBXFileReference; lastKnownFileType = sourcecode.swift; path = RMCharacterRouteTests.swift; sourceTree = "<group>"; };
		83BC6A422A2A90AA00DC05A8 /* RMDefaultDataManagerLocation.swift */ = {isa = PBXFileReference; lastKnownFileType = sourcecode.swift; path = RMDefaultDataManagerLocation.swift; sourceTree = "<group>"; };
		83C353E02A4E6B4600876AA7 /* DefaultRouter.swift */ = {isa = PBXFileReference; lastKnownFileType = sourcecode.swift; path = DefaultRouter.swift; sourceTree = "<group>"; };
		83CA997D2A2A726700773E6C /* RMLocationDataManagerProtocol.swift */ = {isa = PBXFileReference; lastKnownFileType = sourcecode.swift; path = RMLocationDataManagerProtocol.swift; sourceTree = "<group>"; };
		83CADF422A31B29700828DC5 /* DetailCharacterViewController.swift */ = {isa = PBXFileReference; lastKnownFileType = sourcecode.swift; path = DetailCharacterViewController.swift; sourceTree = "<group>"; };
		83CCB7D72A037C9600105B04 /* RMDefaultLocationDataManagerTest.swift */ = {isa = PBXFileReference; lastKnownFileType = sourcecode.swift; path = RMDefaultLocationDataManagerTest.swift; sourceTree = "<group>"; };
		83D1A4A42A2EE05F00888038 /* LocationsViewController.swift */ = {isa = PBXFileReference; lastKnownFileType = sourcecode.swift; path = LocationsViewController.swift; sourceTree = "<group>"; };
		83D1A4A62A2EE07F00888038 /* LocationsViewModel.swift */ = {isa = PBXFileReference; lastKnownFileType = sourcecode.swift; path = LocationsViewModel.swift; sourceTree = "<group>"; };
		83D1A4AA2A2EE23E00888038 /* LocationCell.swift */ = {isa = PBXFileReference; lastKnownFileType = sourcecode.swift; path = LocationCell.swift; sourceTree = "<group>"; };
		83D1A4AB2A2EE23E00888038 /* LocationCell.xib */ = {isa = PBXFileReference; lastKnownFileType = file.xib; path = LocationCell.xib; sourceTree = "<group>"; };
		83D1A4AE2A2EEBC900888038 /* LocationCellViewModel.swift */ = {isa = PBXFileReference; lastKnownFileType = sourcecode.swift; path = LocationCellViewModel.swift; sourceTree = "<group>"; };
		83D450242A4B895800587681 /* RMEpisodeDataManger.swift */ = {isa = PBXFileReference; lastKnownFileType = sourcecode.swift; path = RMEpisodeDataManger.swift; sourceTree = "<group>"; };
		83D450262A4B89DE00587681 /* RMEpisodeDatamangerProtocol.swift */ = {isa = PBXFileReference; lastKnownFileType = sourcecode.swift; path = RMEpisodeDatamangerProtocol.swift; sourceTree = "<group>"; };
		83D450282A4B8D9300587681 /* EpisodesViewController.swift */ = {isa = PBXFileReference; lastKnownFileType = sourcecode.swift; path = EpisodesViewController.swift; sourceTree = "<group>"; };
		83D4502A2A4B8DBA00587681 /* EpisodesViewModel.swift */ = {isa = PBXFileReference; lastKnownFileType = sourcecode.swift; path = EpisodesViewModel.swift; sourceTree = "<group>"; };
		83D4502C2A4B8DC800587681 /* EpisodesViewController.xib */ = {isa = PBXFileReference; lastKnownFileType = file.xib; path = EpisodesViewController.xib; sourceTree = "<group>"; };
		83D4502F2A4B8FBC00587681 /* EpisodeCell.swift */ = {isa = PBXFileReference; lastKnownFileType = sourcecode.swift; path = EpisodeCell.swift; sourceTree = "<group>"; };
		83D450302A4B8FBC00587681 /* EpisodeCell.xib */ = {isa = PBXFileReference; lastKnownFileType = file.xib; path = EpisodeCell.xib; sourceTree = "<group>"; };
		83D450332A4B93EE00587681 /* EpisodeCellViewModel.swift */ = {isa = PBXFileReference; lastKnownFileType = sourcecode.swift; path = EpisodeCellViewModel.swift; sourceTree = "<group>"; };
		83D450362A4BC71600587681 /* EpisodeTestDataManger.swift */ = {isa = PBXFileReference; lastKnownFileType = sourcecode.swift; path = EpisodeTestDataManger.swift; sourceTree = "<group>"; };
		83D4C9682A4683E900B5C2D5 /* RMDatamanager.swift */ = {isa = PBXFileReference; lastKnownFileType = sourcecode.swift; path = RMDatamanager.swift; sourceTree = "<group>"; };
		83DA2C30288893F40073F97E /* RMEpisodeRoute.swift */ = {isa = PBXFileReference; lastKnownFileType = sourcecode.swift; path = RMEpisodeRoute.swift; sourceTree = "<group>"; };
		83DA2C322888E0870073F97E /* RMEpisodeRouteTests.swift */ = {isa = PBXFileReference; lastKnownFileType = sourcecode.swift; path = RMEpisodeRouteTests.swift; sourceTree = "<group>"; };
		83DAC8832995A59500C4F924 /* RMTableViewCellProtocol.swift */ = {isa = PBXFileReference; lastKnownFileType = sourcecode.swift; path = RMTableViewCellProtocol.swift; sourceTree = "<group>"; };
		83DB46C72A3EB938009A6FA3 /* TabBarController.swift */ = {isa = PBXFileReference; lastKnownFileType = sourcecode.swift; path = TabBarController.swift; sourceTree = "<group>"; };
		83DB46CA2A3EE77B009A6FA3 /* RouteProtocols.swift */ = {isa = PBXFileReference; lastKnownFileType = sourcecode.swift; path = RouteProtocols.swift; sourceTree = "<group>"; };
		83DB46CC2A3EEF32009A6FA3 /* CharactersViewController.xib */ = {isa = PBXFileReference; lastKnownFileType = file.xib; path = CharactersViewController.xib; sourceTree = "<group>"; };
		83DB46CE2A3EEF8A009A6FA3 /* DetailCharacterViewController.xib */ = {isa = PBXFileReference; lastKnownFileType = file.xib; path = DetailCharacterViewController.xib; sourceTree = "<group>"; };
		83DB46D02A3EEFC9009A6FA3 /* LocationsViewController.xib */ = {isa = PBXFileReference; lastKnownFileType = file.xib; path = LocationsViewController.xib; sourceTree = "<group>"; };
		83DBBC8129F08192009ECD90 /* CharacterViewCellViewModel.swift */ = {isa = PBXFileReference; lastKnownFileType = sourcecode.swift; path = CharacterViewCellViewModel.swift; sourceTree = "<group>"; };
		83DBBC8329F08AA2009ECD90 /* CharacterCell.swift */ = {isa = PBXFileReference; lastKnownFileType = sourcecode.swift; path = CharacterCell.swift; sourceTree = "<group>"; };
		83DBBC8429F08AA2009ECD90 /* CharacterCell.xib */ = {isa = PBXFileReference; lastKnownFileType = file.xib; path = CharacterCell.xib; sourceTree = "<group>"; };
		83DEBAF32A3A55EC00D06127 /* RickAndMortyStorage.xcdatamodel */ = {isa = PBXFileReference; lastKnownFileType = wrapper.xcdatamodel; path = RickAndMortyStorage.xcdatamodel; sourceTree = "<group>"; };
		83DEBB052A3A9DEF00D06127 /* Character+CoreDataClass.swift */ = {isa = PBXFileReference; lastKnownFileType = sourcecode.swift; path = "Character+CoreDataClass.swift"; sourceTree = "<group>"; };
		83DEBB062A3A9DEF00D06127 /* Character+CoreDataProperties.swift */ = {isa = PBXFileReference; lastKnownFileType = sourcecode.swift; path = "Character+CoreDataProperties.swift"; sourceTree = "<group>"; };
		83E0910B2A397E5300B7A06A /* NothingFoundCell.xib */ = {isa = PBXFileReference; lastKnownFileType = file.xib; path = NothingFoundCell.xib; sourceTree = "<group>"; };
		83E0A73B298F092100099395 /* CharactersViewModel.swift */ = {isa = PBXFileReference; lastKnownFileType = sourcecode.swift; path = CharactersViewModel.swift; sourceTree = "<group>"; };
		83F13A9F28EF79AA007B549B /* RMLocation.swift */ = {isa = PBXFileReference; lastKnownFileType = sourcecode.swift; path = RMLocation.swift; sourceTree = "<group>"; };
		83F13AA128EF79EF007B549B /* RMEpisode.swift */ = {isa = PBXFileReference; lastKnownFileType = sourcecode.swift; path = RMEpisode.swift; sourceTree = "<group>"; };
/* End PBXFileReference section */

/* Begin PBXFrameworksBuildPhase section */
		833F49B4286BDB26002D410A /* Frameworks */ = {
			isa = PBXFrameworksBuildPhase;
			buildActionMask = 2147483647;
			files = (
			);
			runOnlyForDeploymentPostprocessing = 0;
		};
		83985366286FC8D400692D79 /* Frameworks */ = {
			isa = PBXFrameworksBuildPhase;
			buildActionMask = 2147483647;
			files = (
			);
			runOnlyForDeploymentPostprocessing = 0;
		};
/* End PBXFrameworksBuildPhase section */

/* Begin PBXGroup section */
		8321841B289C89CD00DAC61A /* Models */ = {
			isa = PBXGroup;
			children = (
				83218422289C914800DAC61A /* RMCharacter.swift */,
				83F13A9F28EF79AA007B549B /* RMLocation.swift */,
				83F13AA128EF79EF007B549B /* RMEpisode.swift */,
				83218424289C940900DAC61A /* RMResponses.swift */,
			);
			path = Models;
			sourceTree = "<group>";
		};
		8321841C289C8AA400DAC61A /* NetworkProvider */ = {
			isa = PBXGroup;
			children = (
				8333EAC4287FAAB900563F18 /* NetworkProviderTests.swift */,
			);
			path = NetworkProvider;
			sourceTree = "<group>";
		};
		8321841D289C8FB200DAC61A /* CharacterDataManager */ = {
			isa = PBXGroup;
			children = (
				8321841E289C8FEE00DAC61A /* RMCharacterDatamanager.swift */,
				83218420289C904800DAC61A /* RMDefaultCharacterDataManager.swift */,
			);
			path = CharacterDataManager;
			sourceTree = "<group>";
		};
		83218426289C96A400DAC61A /* DataManager */ = {
			isa = PBXGroup;
			children = (
				83D450352A4BC6B000587681 /* EpisodeDataManager */,
				83CCB7D62A037C2F00105B04 /* LocationDataManager */,
				83218427289C96C600DAC61A /* CharacterDataManager */,
			);
			path = DataManager;
			sourceTree = "<group>";
		};
		83218427289C96C600DAC61A /* CharacterDataManager */ = {
			isa = PBXGroup;
			children = (
				83218428289C971100DAC61A /* RMDefaultCharacterDataManagerTests.swift */,
			);
			path = CharacterDataManager;
			sourceTree = "<group>";
		};
		833F49AE286BDB26002D410A = {
			isa = PBXGroup;
			children = (
				83DEBB052A3A9DEF00D06127 /* Character+CoreDataClass.swift */,
				83DEBB062A3A9DEF00D06127 /* Character+CoreDataProperties.swift */,
				833F49B9286BDB26002D410A /* ApiRickAndMortyNetworking */,
				8398536A286FC8D400692D79 /* ApiRickAndMortyNetworkingTests */,
				833F49B8286BDB26002D410A /* Products */,
			);
			sourceTree = "<group>";
		};
		833F49B8286BDB26002D410A /* Products */ = {
			isa = PBXGroup;
			children = (
				833F49B7286BDB26002D410A /* ApiRickAndMortyNetworking.app */,
				83985369286FC8D400692D79 /* ApiRickAndMortyNetworkingTests.xctest */,
			);
			name = Products;
			sourceTree = "<group>";
		};
		833F49B9286BDB26002D410A /* ApiRickAndMortyNetworking */ = {
			isa = PBXGroup;
			children = (
				83DEBAF12A3A558300D06127 /* Persistent */,
				83E0A738298F05D600099395 /* Views */,
				833F49CE286BDB36002D410A /* NetworkProvider */,
				83AE836B287BBC25004B7C31 /* DataManager */,
				8321841B289C89CD00DAC61A /* Models */,
				833F49BA286BDB26002D410A /* AppDelegate.swift */,
				833F49BC286BDB26002D410A /* SceneDelegate.swift */,
				833F49C3286BDB27002D410A /* Assets.xcassets */,
				833F49C8286BDB27002D410A /* Info.plist */,
				833F49C5286BDB27002D410A /* LaunchScreen.storyboard */,
			);
			path = ApiRickAndMortyNetworking;
			sourceTree = "<group>";
		};
		833F49CE286BDB36002D410A /* NetworkProvider */ = {
			isa = PBXGroup;
			children = (
				833F49CF286BDB71002D410A /* RMNetworkProvider.swift */,
				83F13A9C28EF78A8007B549B /* RMRoutes */,
			);
			path = NetworkProvider;
			sourceTree = "<group>";
		};
		837424852A2BD9F6005ADEBC /* Locations */ = {
			isa = PBXGroup;
			children = (
				83D1A4A42A2EE05F00888038 /* LocationsViewController.swift */,
				83DB46D02A3EEFC9009A6FA3 /* LocationsViewController.xib */,
				83D1A4A62A2EE07F00888038 /* LocationsViewModel.swift */,
				83D1A4A32A2EE04100888038 /* Cells */,
			);
			path = Locations;
			sourceTree = "<group>";
		};
		8398536A286FC8D400692D79 /* ApiRickAndMortyNetworkingTests */ = {
			isa = PBXGroup;
			children = (
				83F13A9B28EF77EF007B549B /* RouteTests */,
				83218426289C96A400DAC61A /* DataManager */,
				8321841C289C8AA400DAC61A /* NetworkProvider */,
			);
			path = ApiRickAndMortyNetworkingTests;
			sourceTree = "<group>";
		};
		83AE836B287BBC25004B7C31 /* DataManager */ = {
			isa = PBXGroup;
			children = (
				83EE18D42A4AE17E00A41DD6 /* EpisodeDataManager */,
				83D4C9672A4683BC00B5C2D5 /* RMDataManagerProtocol */,
				83CA997C2A2A724400773E6C /* LocationDataManager */,
				8321841D289C8FB200DAC61A /* CharacterDataManager */,
			);
			path = DataManager;
			sourceTree = "<group>";
		};
		83CA997C2A2A724400773E6C /* LocationDataManager */ = {
			isa = PBXGroup;
			children = (
				83CA997D2A2A726700773E6C /* RMLocationDataManagerProtocol.swift */,
				83BC6A422A2A90AA00DC05A8 /* RMDefaultDataManagerLocation.swift */,
			);
			path = LocationDataManager;
			sourceTree = "<group>";
		};
		83CADF3D2A31AE8900828DC5 /* DetailCharacter */ = {
			isa = PBXGroup;
			children = (
				83CADF422A31B29700828DC5 /* DetailCharacterViewController.swift */,
				83DB46CE2A3EEF8A009A6FA3 /* DetailCharacterViewController.xib */,
			);
			path = DetailCharacter;
			sourceTree = "<group>";
		};
		83CCB7D62A037C2F00105B04 /* LocationDataManager */ = {
			isa = PBXGroup;
			children = (
				83CCB7D72A037C9600105B04 /* RMDefaultLocationDataManagerTest.swift */,
			);
			path = LocationDataManager;
			sourceTree = "<group>";
		};
		83D1A4A32A2EE04100888038 /* Cells */ = {
			isa = PBXGroup;
			children = (
				83D1A4AE2A2EEBC900888038 /* LocationCellViewModel.swift */,
				83D1A4AA2A2EE23E00888038 /* LocationCell.swift */,
				83D1A4AB2A2EE23E00888038 /* LocationCell.xib */,
			);
			path = Cells;
			sourceTree = "<group>";
		};
		83D4502E2A4B8DD400587681 /* Cells */ = {
			isa = PBXGroup;
			children = (
				83D4502F2A4B8FBC00587681 /* EpisodeCell.swift */,
				83D450302A4B8FBC00587681 /* EpisodeCell.xib */,
				83D450332A4B93EE00587681 /* EpisodeCellViewModel.swift */,
			);
			path = Cells;
			sourceTree = "<group>";
		};
		83D450352A4BC6B000587681 /* EpisodeDataManager */ = {
			isa = PBXGroup;
			children = (
				83D450362A4BC71600587681 /* EpisodeTestDataManger.swift */,
			);
			path = EpisodeDataManager;
			sourceTree = "<group>";
		};
		83D4C9672A4683BC00B5C2D5 /* RMDataManagerProtocol */ = {
			isa = PBXGroup;
			children = (
				83D4C9682A4683E900B5C2D5 /* RMDatamanager.swift */,
			);
			path = RMDataManagerProtocol;
			sourceTree = "<group>";
		};
		83DAC8822995A52200C4F924 /* Commons */ = {
			isa = PBXGroup;
			children = (
				83DAC8832995A59500C4F924 /* RMTableViewCellProtocol.swift */,
			);
			path = Commons;
			sourceTree = "<group>";
		};
		83DB46C62A3EB90C009A6FA3 /* tabBar */ = {
			isa = PBXGroup;
			children = (
				83DB46C72A3EB938009A6FA3 /* TabBarController.swift */,
				83C353E02A4E6B4600876AA7 /* DefaultRouter.swift */,
			);
			path = tabBar;
			sourceTree = "<group>";
		};
		83DB46C92A3EDB89009A6FA3 /* common */ = {
			isa = PBXGroup;
			children = (
				83DB46CA2A3EE77B009A6FA3 /* RouteProtocols.swift */,
			);
			path = common;
			sourceTree = "<group>";
		};
		83DEBAF12A3A558300D06127 /* Persistent */ = {
			isa = PBXGroup;
			children = (
				83DEBAF22A3A55EC00D06127 /* RickAndMortyStorage.xcdatamodeld */,
			);
			path = Persistent;
			sourceTree = "<group>";
		};
		83E0A738298F05D600099395 /* Views */ = {
			isa = PBXGroup;
			children = (
				83EE18D52A4AE19200A41DD6 /* Episodes */,
				83DB46C62A3EB90C009A6FA3 /* tabBar */,
				837424852A2BD9F6005ADEBC /* Locations */,
				83DAC8822995A52200C4F924 /* Commons */,
				83E0A739298F05E300099395 /* Characters */,
			);
			path = Views;
			sourceTree = "<group>";
		};
		83E0A739298F05E300099395 /* Characters */ = {
			isa = PBXGroup;
			children = (
				83CADF3D2A31AE8900828DC5 /* DetailCharacter */,
				83E0A73A298F060300099395 /* Cells */,
				833F49BE286BDB26002D410A /* CharactersViewController.swift */,
				83DB46CC2A3EEF32009A6FA3 /* CharactersViewController.xib */,
				83E0A73B298F092100099395 /* CharactersViewModel.swift */,
			);
			path = Characters;
			sourceTree = "<group>";
		};
		83E0A73A298F060300099395 /* Cells */ = {
			isa = PBXGroup;
			children = (
				83DBBC8129F08192009ECD90 /* CharacterViewCellViewModel.swift */,
				83DBBC8329F08AA2009ECD90 /* CharacterCell.swift */,
				83DBBC8429F08AA2009ECD90 /* CharacterCell.xib */,
				83E0910B2A397E5300B7A06A /* NothingFoundCell.xib */,
			);
			path = Cells;
			sourceTree = "<group>";
		};
		83EE18D42A4AE17E00A41DD6 /* EpisodeDataManager */ = {
			isa = PBXGroup;
			children = (
				83D450242A4B895800587681 /* RMEpisodeDataManger.swift */,
				83D450262A4B89DE00587681 /* RMEpisodeDatamangerProtocol.swift */,
			);
			path = EpisodeDataManager;
			sourceTree = "<group>";
		};
		83EE18D52A4AE19200A41DD6 /* Episodes */ = {
			isa = PBXGroup;
			children = (
				83D4502E2A4B8DD400587681 /* Cells */,
				83D450282A4B8D9300587681 /* EpisodesViewController.swift */,
				83D4502A2A4B8DBA00587681 /* EpisodesViewModel.swift */,
				83D4502C2A4B8DC800587681 /* EpisodesViewController.xib */,
			);
			path = Episodes;
			sourceTree = "<group>";
		};
		83F13A9B28EF77EF007B549B /* RouteTests */ = {
			isa = PBXGroup;
			children = (
				8398536B286FC8D400692D79 /* RMCharacterRouteTests.swift */,
				832D63A628829390005FD375 /* RMLocationRouteTests.swift */,
				83DA2C322888E0870073F97E /* RMEpisodeRouteTests.swift */,
			);
			path = RouteTests;
			sourceTree = "<group>";
		};
		83F13A9C28EF78A8007B549B /* RMRoutes */ = {
			isa = PBXGroup;
			children = (
				83DB46C92A3EDB89009A6FA3 /* common */,
				832D63A328825231005FD375 /* RMLocationRoute.swift */,
				83DA2C30288893F40073F97E /* RMEpisodeRoute.swift */,
				833F49D1286BDDEA002D410A /* RMCharacterRoute.swift */,
				835DFD77288C9BAF003BBFFF /* RMError.swift */,
			);
			path = RMRoutes;
			sourceTree = "<group>";
		};
/* End PBXGroup section */

/* Begin PBXNativeTarget section */
		833F49B6286BDB26002D410A /* ApiRickAndMortyNetworking */ = {
			isa = PBXNativeTarget;
			buildConfigurationList = 833F49CB286BDB27002D410A /* Build configuration list for PBXNativeTarget "ApiRickAndMortyNetworking" */;
			buildPhases = (
				833F49B3286BDB26002D410A /* Sources */,
				833F49B4286BDB26002D410A /* Frameworks */,
				833F49B5286BDB26002D410A /* Resources */,
			);
			buildRules = (
			);
			dependencies = (
			);
			name = ApiRickAndMortyNetworking;
			productName = ApiRickAndMortyNetworking;
			productReference = 833F49B7286BDB26002D410A /* ApiRickAndMortyNetworking.app */;
			productType = "com.apple.product-type.application";
		};
		83985368286FC8D400692D79 /* ApiRickAndMortyNetworkingTests */ = {
			isa = PBXNativeTarget;
			buildConfigurationList = 8398536F286FC8D400692D79 /* Build configuration list for PBXNativeTarget "ApiRickAndMortyNetworkingTests" */;
			buildPhases = (
				83985365286FC8D400692D79 /* Sources */,
				83985366286FC8D400692D79 /* Frameworks */,
				83985367286FC8D400692D79 /* Resources */,
			);
			buildRules = (
			);
			dependencies = (
				8398536E286FC8D400692D79 /* PBXTargetDependency */,
			);
			name = ApiRickAndMortyNetworkingTests;
			productName = ApiRickAndMortyNetworkingTests;
			productReference = 83985369286FC8D400692D79 /* ApiRickAndMortyNetworkingTests.xctest */;
			productType = "com.apple.product-type.bundle.unit-test";
		};
/* End PBXNativeTarget section */

/* Begin PBXProject section */
		833F49AF286BDB26002D410A /* Project object */ = {
			isa = PBXProject;
			attributes = {
				BuildIndependentTargetsInParallel = 1;
				LastSwiftUpdateCheck = 1320;
				LastUpgradeCheck = 1320;
				TargetAttributes = {
					833F49B6286BDB26002D410A = {
						CreatedOnToolsVersion = 13.2;
					};
					83985368286FC8D400692D79 = {
						CreatedOnToolsVersion = 13.2;
						TestTargetID = 833F49B6286BDB26002D410A;
					};
				};
			};
			buildConfigurationList = 833F49B2286BDB26002D410A /* Build configuration list for PBXProject "ApiRickAndMortyNetworking" */;
			compatibilityVersion = "Xcode 13.0";
			developmentRegion = en;
			hasScannedForEncodings = 0;
			knownRegions = (
				en,
				Base,
			);
			mainGroup = 833F49AE286BDB26002D410A;
			productRefGroup = 833F49B8286BDB26002D410A /* Products */;
			projectDirPath = "";
			projectRoot = "";
			targets = (
				833F49B6286BDB26002D410A /* ApiRickAndMortyNetworking */,
				83985368286FC8D400692D79 /* ApiRickAndMortyNetworkingTests */,
			);
		};
/* End PBXProject section */

/* Begin PBXResourcesBuildPhase section */
		833F49B5286BDB26002D410A /* Resources */ = {
			isa = PBXResourcesBuildPhase;
			buildActionMask = 2147483647;
			files = (
				833F49C7286BDB27002D410A /* LaunchScreen.storyboard in Resources */,
				833F49C4286BDB27002D410A /* Assets.xcassets in Resources */,
				83E0910C2A397E5300B7A06A /* NothingFoundCell.xib in Resources */,
				83DB46D12A3EEFC9009A6FA3 /* LocationsViewController.xib in Resources */,
				83D4502D2A4B8DC800587681 /* EpisodesViewController.xib in Resources */,
				83DB46CF2A3EEF8A009A6FA3 /* DetailCharacterViewController.xib in Resources */,
				83DB46CD2A3EEF32009A6FA3 /* CharactersViewController.xib in Resources */,
				83D450322A4B8FBC00587681 /* EpisodeCell.xib in Resources */,
				83D1A4AD2A2EE23E00888038 /* LocationCell.xib in Resources */,
				83DBBC8629F08AA2009ECD90 /* CharacterCell.xib in Resources */,
			);
			runOnlyForDeploymentPostprocessing = 0;
		};
		83985367286FC8D400692D79 /* Resources */ = {
			isa = PBXResourcesBuildPhase;
			buildActionMask = 2147483647;
			files = (
			);
			runOnlyForDeploymentPostprocessing = 0;
		};
/* End PBXResourcesBuildPhase section */

/* Begin PBXSourcesBuildPhase section */
		833F49B3286BDB26002D410A /* Sources */ = {
			isa = PBXSourcesBuildPhase;
			buildActionMask = 2147483647;
			files = (
				83D1A4A52A2EE05F00888038 /* LocationsViewController.swift in Sources */,
				83218423289C914800DAC61A /* RMCharacter.swift in Sources */,
				83D1A4AC2A2EE23E00888038 /* LocationCell.swift in Sources */,
				83CA997E2A2A726700773E6C /* RMLocationDataManagerProtocol.swift in Sources */,
				83D4C9692A4683E900B5C2D5 /* RMDatamanager.swift in Sources */,
				83DAC8842995A59500C4F924 /* RMTableViewCellProtocol.swift in Sources */,
				83218421289C904800DAC61A /* RMDefaultCharacterDataManager.swift in Sources */,
				83CADF442A31B29700828DC5 /* DetailCharacterViewController.swift in Sources */,
				83D1A4A72A2EE07F00888038 /* LocationsViewModel.swift in Sources */,
				83218425289C940900DAC61A /* RMResponses.swift in Sources */,
				83D4502B2A4B8DBA00587681 /* EpisodesViewModel.swift in Sources */,
				83F13AA028EF79AA007B549B /* RMLocation.swift in Sources */,
				835DFD78288C9BAF003BBFFF /* RMError.swift in Sources */,
				83DB46CB2A3EE77B009A6FA3 /* RouteProtocols.swift in Sources */,
				83E0A73C298F092100099395 /* CharactersViewModel.swift in Sources */,
				83D1A4AF2A2EEBC900888038 /* LocationCellViewModel.swift in Sources */,
				83D450252A4B895800587681 /* RMEpisodeDataManger.swift in Sources */,
				83D450312A4B8FBC00587681 /* EpisodeCell.swift in Sources */,
				83DB46C82A3EB938009A6FA3 /* TabBarController.swift in Sources */,
				83DEBB072A3A9DEF00D06127 /* Character+CoreDataClass.swift in Sources */,
				83D450292A4B8D9300587681 /* EpisodesViewController.swift in Sources */,
				83D450342A4B93EE00587681 /* EpisodeCellViewModel.swift in Sources */,
				83BC6A432A2A90AA00DC05A8 /* RMDefaultDataManagerLocation.swift in Sources */,
				833F49BF286BDB26002D410A /* CharactersViewController.swift in Sources */,
				8321841F289C8FEE00DAC61A /* RMCharacterDatamanager.swift in Sources */,
				832D63A428825231005FD375 /* RMLocationRoute.swift in Sources */,
				833F49BB286BDB26002D410A /* AppDelegate.swift in Sources */,
				833F49BD286BDB26002D410A /* SceneDelegate.swift in Sources */,
				83DBBC8229F08192009ECD90 /* CharacterViewCellViewModel.swift in Sources */,
				83DEBB082A3A9DEF00D06127 /* Character+CoreDataProperties.swift in Sources */,
				83C353E12A4E6B4600876AA7 /* DefaultRouter.swift in Sources */,
				83D450272A4B89DE00587681 /* RMEpisodeDatamangerProtocol.swift in Sources */,
				83DBBC8529F08AA2009ECD90 /* CharacterCell.swift in Sources */,
				833F49D2286BDDEA002D410A /* RMCharacterRoute.swift in Sources */,
				83DA2C31288893F40073F97E /* RMEpisodeRoute.swift in Sources */,
				833F49D0286BDB71002D410A /* RMNetworkProvider.swift in Sources */,
				83DEBAF42A3A55EC00D06127 /* RickAndMortyStorage.xcdatamodeld in Sources */,
				83F13AA228EF79EF007B549B /* RMEpisode.swift in Sources */,
			);
			runOnlyForDeploymentPostprocessing = 0;
		};
		83985365286FC8D400692D79 /* Sources */ = {
			isa = PBXSourcesBuildPhase;
			buildActionMask = 2147483647;
			files = (
				83DA2C332888E0870073F97E /* RMEpisodeRouteTests.swift in Sources */,
				83218429289C971100DAC61A /* RMDefaultCharacterDataManagerTests.swift in Sources */,
				8333EAC5287FAAB900563F18 /* NetworkProviderTests.swift in Sources */,
				83D450372A4BC71600587681 /* EpisodeTestDataManger.swift in Sources */,
				83CCB7D82A037C9600105B04 /* RMDefaultLocationDataManagerTest.swift in Sources */,
				8398536C286FC8D400692D79 /* RMCharacterRouteTests.swift in Sources */,
				832D63A728829390005FD375 /* RMLocationRouteTests.swift in Sources */,
			);
			runOnlyForDeploymentPostprocessing = 0;
		};
/* End PBXSourcesBuildPhase section */

/* Begin PBXTargetDependency section */
		8398536E286FC8D400692D79 /* PBXTargetDependency */ = {
			isa = PBXTargetDependency;
			target = 833F49B6286BDB26002D410A /* ApiRickAndMortyNetworking */;
			targetProxy = 8398536D286FC8D400692D79 /* PBXContainerItemProxy */;
		};
/* End PBXTargetDependency section */

/* Begin PBXVariantGroup section */
		833F49C5286BDB27002D410A /* LaunchScreen.storyboard */ = {
			isa = PBXVariantGroup;
			children = (
				833F49C6286BDB27002D410A /* Base */,
			);
			name = LaunchScreen.storyboard;
			sourceTree = "<group>";
		};
/* End PBXVariantGroup section */

/* Begin XCBuildConfiguration section */
		833F49C9286BDB27002D410A /* Debug */ = {
			isa = XCBuildConfiguration;
			buildSettings = {
				ALWAYS_SEARCH_USER_PATHS = NO;
				CLANG_ANALYZER_NONNULL = YES;
				CLANG_ANALYZER_NUMBER_OBJECT_CONVERSION = YES_AGGRESSIVE;
				CLANG_CXX_LANGUAGE_STANDARD = "gnu++17";
				CLANG_CXX_LIBRARY = "libc++";
				CLANG_ENABLE_MODULES = YES;
				CLANG_ENABLE_OBJC_ARC = YES;
				CLANG_ENABLE_OBJC_WEAK = YES;
				CLANG_WARN_BLOCK_CAPTURE_AUTORELEASING = YES;
				CLANG_WARN_BOOL_CONVERSION = YES;
				CLANG_WARN_COMMA = YES;
				CLANG_WARN_CONSTANT_CONVERSION = YES;
				CLANG_WARN_DEPRECATED_OBJC_IMPLEMENTATIONS = YES;
				CLANG_WARN_DIRECT_OBJC_ISA_USAGE = YES_ERROR;
				CLANG_WARN_DOCUMENTATION_COMMENTS = YES;
				CLANG_WARN_EMPTY_BODY = YES;
				CLANG_WARN_ENUM_CONVERSION = YES;
				CLANG_WARN_INFINITE_RECURSION = YES;
				CLANG_WARN_INT_CONVERSION = YES;
				CLANG_WARN_NON_LITERAL_NULL_CONVERSION = YES;
				CLANG_WARN_OBJC_IMPLICIT_RETAIN_SELF = YES;
				CLANG_WARN_OBJC_LITERAL_CONVERSION = YES;
				CLANG_WARN_OBJC_ROOT_CLASS = YES_ERROR;
				CLANG_WARN_QUOTED_INCLUDE_IN_FRAMEWORK_HEADER = YES;
				CLANG_WARN_RANGE_LOOP_ANALYSIS = YES;
				CLANG_WARN_STRICT_PROTOTYPES = YES;
				CLANG_WARN_SUSPICIOUS_MOVE = YES;
				CLANG_WARN_UNGUARDED_AVAILABILITY = YES_AGGRESSIVE;
				CLANG_WARN_UNREACHABLE_CODE = YES;
				CLANG_WARN__DUPLICATE_METHOD_MATCH = YES;
				COPY_PHASE_STRIP = NO;
				DEBUG_INFORMATION_FORMAT = dwarf;
				ENABLE_STRICT_OBJC_MSGSEND = YES;
				ENABLE_TESTABILITY = YES;
				GCC_C_LANGUAGE_STANDARD = gnu11;
				GCC_DYNAMIC_NO_PIC = NO;
				GCC_NO_COMMON_BLOCKS = YES;
				GCC_OPTIMIZATION_LEVEL = 0;
				GCC_PREPROCESSOR_DEFINITIONS = (
					"DEBUG=1",
					"$(inherited)",
				);
				GCC_WARN_64_TO_32_BIT_CONVERSION = YES;
				GCC_WARN_ABOUT_RETURN_TYPE = YES_ERROR;
				GCC_WARN_UNDECLARED_SELECTOR = YES;
				GCC_WARN_UNINITIALIZED_AUTOS = YES_AGGRESSIVE;
				GCC_WARN_UNUSED_FUNCTION = YES;
				GCC_WARN_UNUSED_VARIABLE = YES;
				IPHONEOS_DEPLOYMENT_TARGET = 15.2;
				MTL_ENABLE_DEBUG_INFO = INCLUDE_SOURCE;
				MTL_FAST_MATH = YES;
				ONLY_ACTIVE_ARCH = YES;
				SDKROOT = iphoneos;
				SWIFT_ACTIVE_COMPILATION_CONDITIONS = DEBUG;
				SWIFT_OPTIMIZATION_LEVEL = "-Onone";
				VALIDATE_PRODUCT = YES;
			};
			name = Debug;
		};
		833F49CA286BDB27002D410A /* Release */ = {
			isa = XCBuildConfiguration;
			buildSettings = {
				ALWAYS_SEARCH_USER_PATHS = NO;
				CLANG_ANALYZER_NONNULL = YES;
				CLANG_ANALYZER_NUMBER_OBJECT_CONVERSION = YES_AGGRESSIVE;
				CLANG_CXX_LANGUAGE_STANDARD = "gnu++17";
				CLANG_CXX_LIBRARY = "libc++";
				CLANG_ENABLE_MODULES = YES;
				CLANG_ENABLE_OBJC_ARC = YES;
				CLANG_ENABLE_OBJC_WEAK = YES;
				CLANG_WARN_BLOCK_CAPTURE_AUTORELEASING = YES;
				CLANG_WARN_BOOL_CONVERSION = YES;
				CLANG_WARN_COMMA = YES;
				CLANG_WARN_CONSTANT_CONVERSION = YES;
				CLANG_WARN_DEPRECATED_OBJC_IMPLEMENTATIONS = YES;
				CLANG_WARN_DIRECT_OBJC_ISA_USAGE = YES_ERROR;
				CLANG_WARN_DOCUMENTATION_COMMENTS = YES;
				CLANG_WARN_EMPTY_BODY = YES;
				CLANG_WARN_ENUM_CONVERSION = YES;
				CLANG_WARN_INFINITE_RECURSION = YES;
				CLANG_WARN_INT_CONVERSION = YES;
				CLANG_WARN_NON_LITERAL_NULL_CONVERSION = YES;
				CLANG_WARN_OBJC_IMPLICIT_RETAIN_SELF = YES;
				CLANG_WARN_OBJC_LITERAL_CONVERSION = YES;
				CLANG_WARN_OBJC_ROOT_CLASS = YES_ERROR;
				CLANG_WARN_QUOTED_INCLUDE_IN_FRAMEWORK_HEADER = YES;
				CLANG_WARN_RANGE_LOOP_ANALYSIS = YES;
				CLANG_WARN_STRICT_PROTOTYPES = YES;
				CLANG_WARN_SUSPICIOUS_MOVE = YES;
				CLANG_WARN_UNGUARDED_AVAILABILITY = YES_AGGRESSIVE;
				CLANG_WARN_UNREACHABLE_CODE = YES;
				CLANG_WARN__DUPLICATE_METHOD_MATCH = YES;
				COPY_PHASE_STRIP = NO;
				DEBUG_INFORMATION_FORMAT = "dwarf-with-dsym";
				ENABLE_NS_ASSERTIONS = NO;
				ENABLE_STRICT_OBJC_MSGSEND = YES;
				ENABLE_TESTABILITY = NO;
				GCC_C_LANGUAGE_STANDARD = gnu11;
				GCC_NO_COMMON_BLOCKS = YES;
				GCC_WARN_64_TO_32_BIT_CONVERSION = YES;
				GCC_WARN_ABOUT_RETURN_TYPE = YES_ERROR;
				GCC_WARN_UNDECLARED_SELECTOR = YES;
				GCC_WARN_UNINITIALIZED_AUTOS = YES_AGGRESSIVE;
				GCC_WARN_UNUSED_FUNCTION = YES;
				GCC_WARN_UNUSED_VARIABLE = YES;
				IPHONEOS_DEPLOYMENT_TARGET = 15.2;
				MTL_ENABLE_DEBUG_INFO = NO;
				MTL_FAST_MATH = YES;
				SDKROOT = iphoneos;
				SWIFT_COMPILATION_MODE = wholemodule;
				SWIFT_OPTIMIZATION_LEVEL = "-O";
				VALIDATE_PRODUCT = YES;
			};
			name = Release;
		};
		833F49CC286BDB27002D410A /* Debug */ = {
			isa = XCBuildConfiguration;
			buildSettings = {
				ASSETCATALOG_COMPILER_APPICON_NAME = AppIcon;
				ASSETCATALOG_COMPILER_GLOBAL_ACCENT_COLOR_NAME = AccentColor;
				CODE_SIGN_STYLE = Automatic;
				CURRENT_PROJECT_VERSION = 1;
				DEVELOPMENT_TEAM = 7ZT49UKYZM;
				GENERATE_INFOPLIST_FILE = YES;
				INFOPLIST_FILE = ApiRickAndMortyNetworking/Info.plist;
				INFOPLIST_KEY_UIApplicationSupportsIndirectInputEvents = YES;
				INFOPLIST_KEY_UILaunchStoryboardName = LaunchScreen;
				INFOPLIST_KEY_UISupportedInterfaceOrientations_iPad = "UIInterfaceOrientationPortrait UIInterfaceOrientationPortraitUpsideDown UIInterfaceOrientationLandscapeLeft UIInterfaceOrientationLandscapeRight";
				INFOPLIST_KEY_UISupportedInterfaceOrientations_iPhone = "UIInterfaceOrientationPortrait UIInterfaceOrientationLandscapeLeft UIInterfaceOrientationLandscapeRight";
				LD_RUNPATH_SEARCH_PATHS = (
					"$(inherited)",
					"@executable_path/Frameworks",
				);
				MARKETING_VERSION = 1.0;
				PRODUCT_BUNDLE_IDENTIFIER = PruebaUIKit.ApiRickAndMortyNetworking;
				PRODUCT_NAME = "$(TARGET_NAME)";
				SWIFT_EMIT_LOC_STRINGS = YES;
				SWIFT_VERSION = 5.0;
				TARGETED_DEVICE_FAMILY = 1;
			};
			name = Debug;
		};
		833F49CD286BDB27002D410A /* Release */ = {
			isa = XCBuildConfiguration;
			buildSettings = {
				ASSETCATALOG_COMPILER_APPICON_NAME = AppIcon;
				ASSETCATALOG_COMPILER_GLOBAL_ACCENT_COLOR_NAME = AccentColor;
				CODE_SIGN_STYLE = Automatic;
				CURRENT_PROJECT_VERSION = 1;
				DEVELOPMENT_TEAM = 7ZT49UKYZM;
				GENERATE_INFOPLIST_FILE = YES;
				INFOPLIST_FILE = ApiRickAndMortyNetworking/Info.plist;
				INFOPLIST_KEY_UIApplicationSupportsIndirectInputEvents = YES;
				INFOPLIST_KEY_UILaunchStoryboardName = LaunchScreen;
				INFOPLIST_KEY_UISupportedInterfaceOrientations_iPad = "UIInterfaceOrientationPortrait UIInterfaceOrientationPortraitUpsideDown UIInterfaceOrientationLandscapeLeft UIInterfaceOrientationLandscapeRight";
				INFOPLIST_KEY_UISupportedInterfaceOrientations_iPhone = "UIInterfaceOrientationPortrait UIInterfaceOrientationLandscapeLeft UIInterfaceOrientationLandscapeRight";
				LD_RUNPATH_SEARCH_PATHS = (
					"$(inherited)",
					"@executable_path/Frameworks",
				);
				MARKETING_VERSION = 1.0;
				PRODUCT_BUNDLE_IDENTIFIER = PruebaUIKit.ApiRickAndMortyNetworking;
				PRODUCT_NAME = "$(TARGET_NAME)";
				SWIFT_EMIT_LOC_STRINGS = YES;
				SWIFT_VERSION = 5.0;
				TARGETED_DEVICE_FAMILY = 1;
			};
			name = Release;
		};
		83985370286FC8D400692D79 /* Debug */ = {
			isa = XCBuildConfiguration;
			buildSettings = {
				BUNDLE_LOADER = "$(TEST_HOST)";
				CODE_SIGN_STYLE = Automatic;
				CURRENT_PROJECT_VERSION = 1;
				DEVELOPMENT_TEAM = 7ZT49UKYZM;
				GENERATE_INFOPLIST_FILE = YES;
				MARKETING_VERSION = 1.0;
				PRODUCT_BUNDLE_IDENTIFIER = PruebaUIKit.ApiRickAndMortyNetworkingTests;
				PRODUCT_NAME = "$(TARGET_NAME)";
				SWIFT_EMIT_LOC_STRINGS = NO;
				SWIFT_VERSION = 5.0;
				TARGETED_DEVICE_FAMILY = "1,2";
				TEST_HOST = "$(BUILT_PRODUCTS_DIR)/ApiRickAndMortyNetworking.app/ApiRickAndMortyNetworking";
			};
			name = Debug;
		};
		83985371286FC8D400692D79 /* Release */ = {
			isa = XCBuildConfiguration;
			buildSettings = {
				BUNDLE_LOADER = "$(TEST_HOST)";
				CODE_SIGN_STYLE = Automatic;
				CURRENT_PROJECT_VERSION = 1;
				DEVELOPMENT_TEAM = 7ZT49UKYZM;
				GENERATE_INFOPLIST_FILE = YES;
				MARKETING_VERSION = 1.0;
				PRODUCT_BUNDLE_IDENTIFIER = PruebaUIKit.ApiRickAndMortyNetworkingTests;
				PRODUCT_NAME = "$(TARGET_NAME)";
				SWIFT_EMIT_LOC_STRINGS = NO;
				SWIFT_VERSION = 5.0;
				TARGETED_DEVICE_FAMILY = "1,2";
				TEST_HOST = "$(BUILT_PRODUCTS_DIR)/ApiRickAndMortyNetworking.app/ApiRickAndMortyNetworking";
			};
			name = Release;
		};
/* End XCBuildConfiguration section */

/* Begin XCConfigurationList section */
		833F49B2286BDB26002D410A /* Build configuration list for PBXProject "ApiRickAndMortyNetworking" */ = {
			isa = XCConfigurationList;
			buildConfigurations = (
				833F49C9286BDB27002D410A /* Debug */,
				833F49CA286BDB27002D410A /* Release */,
			);
			defaultConfigurationIsVisible = 0;
			defaultConfigurationName = Release;
		};
		833F49CB286BDB27002D410A /* Build configuration list for PBXNativeTarget "ApiRickAndMortyNetworking" */ = {
			isa = XCConfigurationList;
			buildConfigurations = (
				833F49CC286BDB27002D410A /* Debug */,
				833F49CD286BDB27002D410A /* Release */,
			);
			defaultConfigurationIsVisible = 0;
			defaultConfigurationName = Release;
		};
		8398536F286FC8D400692D79 /* Build configuration list for PBXNativeTarget "ApiRickAndMortyNetworkingTests" */ = {
			isa = XCConfigurationList;
			buildConfigurations = (
				83985370286FC8D400692D79 /* Debug */,
				83985371286FC8D400692D79 /* Release */,
			);
			defaultConfigurationIsVisible = 0;
			defaultConfigurationName = Release;
		};
/* End XCConfigurationList section */

/* Begin XCVersionGroup section */
		83DEBAF22A3A55EC00D06127 /* RickAndMortyStorage.xcdatamodeld */ = {
			isa = XCVersionGroup;
			children = (
				83DEBAF32A3A55EC00D06127 /* RickAndMortyStorage.xcdatamodel */,
			);
			currentVersion = 83DEBAF32A3A55EC00D06127 /* RickAndMortyStorage.xcdatamodel */;
			path = RickAndMortyStorage.xcdatamodeld;
			sourceTree = "<group>";
			versionGroupType = wrapper.xcdatamodel;
		};
/* End XCVersionGroup section */
	};
	rootObject = 833F49AF286BDB26002D410A /* Project object */;
}
